
Microsoft Visual Studio Solution File, Format Version 12.00
# Visual Studio Version 17
VisualStudioVersion = 17.11.35312.102
MinimumVisualStudioVersion = 10.0.40219.1
Project("{9A19103F-16F7-4668-BE54-9A1E7A4F7556}") = "Apsen", "Apsen.csproj", "{5940C058-C823-4BD7-BAEC-5C9F56FF5B36}"
EndProject
Project("{FAE04EC0-301F-11D3-BF4B-00C04F79EFBC}") = "TestClient", "TestClient\TestClient.csproj", "{EE809BF1-7505-4A72-AD71-DCBAF9233131}"
EndProject
Global
	GlobalSection(SolutionConfigurationPlatforms) = preSolution
		Debug|Any CPU = Debug|Any CPU
		Release|Any CPU = Release|Any CPU
	EndGlobalSection
	GlobalSection(ProjectConfigurationPlatforms) = postSolution
		{5940C058-C823-4BD7-BAEC-5C9F56FF5B36}.Debug|Any CPU.ActiveCfg = Debug|Any CPU
		{5940C058-C823-4BD7-BAEC-5C9F56FF5B36}.Debug|Any CPU.Build.0 = Debug|Any CPU
		{5940C058-C823-4BD7-BAEC-5C9F56FF5B36}.Release|Any CPU.ActiveCfg = Release|Any CPU
		{5940C058-C823-4BD7-BAEC-5C9F56FF5B36}.Release|Any CPU.Build.0 = Release|Any CPU
		{EE809BF1-7505-4A72-AD71-DCBAF9233131}.Debug|Any CPU.ActiveCfg = Debug|Any CPU
		{EE809BF1-7505-4A72-AD71-DCBAF9233131}.Debug|Any CPU.Build.0 = Debug|Any CPU
		{EE809BF1-7505-4A72-AD71-DCBAF9233131}.Release|Any CPU.ActiveCfg = Release|Any CPU
		{EE809BF1-7505-4A72-AD71-DCBAF9233131}.Release|Any CPU.Build.0 = Release|Any CPU
	EndGlobalSection
	GlobalSection(SolutionProperties) = preSolution
		HideSolutionNode = FALSE
	EndGlobalSection
	GlobalSection(ExtensibilityGlobals) = postSolution
		SolutionGuid = {03506D98-2AFD-45CE-BE43-7275159D1E40}
	EndGlobalSection
EndGlobal
